
Microsoft Visual Studio Solution File, Format Version 12.00
# Visual Studio Version 17
VisualStudioVersion = 17.2.32526.322
MinimumVisualStudioVersion = 10.0.40219.1
Project("{2150E333-8FDC-42A3-9474-1A3956D46DE8}") = "BlazorSample", "BlazorSample", "{29822A21-A00F-474D-B872-7892160BC80F}"
EndProject
Project("{9A19103F-16F7-4668-BE54-9A1E7A4F7556}") = "BlazorApp1.Server", "BlazorApp1\Server\BlazorApp1.Server.csproj", "{DAA3F2FD-3EB3-475D-927E-D5724A191345}"
EndProject
Project("{9A19103F-16F7-4668-BE54-9A1E7A4F7556}") = "BlazorApp1.Client", "BlazorApp1\Client\BlazorApp1.Client.csproj", "{8A824CEA-511B-4E9C-B88E-61D07D9F540E}"
EndProject
Project("{9A19103F-16F7-4668-BE54-9A1E7A4F7556}") = "BlazorApp1.Shared", "BlazorApp1\Shared\BlazorApp1.Shared.csproj", "{FE377803-4C49-41D2-ADBB-8FBDB0043A4B}"
EndProject
Project("{D954291E-2A0B-460D-934E-DC6B0785DB48}") = "UnoBlazorApp1.Shared", "UnoBlazorApp1\UnoBlazorApp1.Shared\UnoBlazorApp1.Shared.shproj", "{D3FB3F64-E69B-41E5-B78E-384BC3EBC747}"
EndProject
Project("{9A19103F-16F7-4668-BE54-9A1E7A4F7556}") = "UnoBlazorApp1.Wasm", "UnoBlazorApp1\UnoBlazorApp1.Wasm\UnoBlazorApp1.Wasm.csproj", "{D5C6AC0B-781F-46AF-B2C3-DDAC5413B607}"
EndProject
Project("{2150E333-8FDC-42A3-9474-1A3956D46DE8}") = "UnoSample", "UnoSample", "{3E722777-5EB4-414C-8342-0A4FC0CD8BD8}"
EndProject
Project("{2150E333-8FDC-42A3-9474-1A3956D46DE8}") = "Solution Items", "Solution Items", "{4AE91FE2-9CAA-4241-9CEB-85CDE6FC5F64}"
	ProjectSection(SolutionItems) = preProject
		Directory.Build.props = Directory.Build.props
	EndProjectSection
EndProject
Global
	GlobalSection(SolutionConfigurationPlatforms) = preSolution
		Debug|Any CPU = Debug|Any CPU
		Debug|arm64 = Debug|arm64
		Debug|x64 = Debug|x64
		Debug|x86 = Debug|x86
		Release|Any CPU = Release|Any CPU
		Release|arm64 = Release|arm64
		Release|x64 = Release|x64
		Release|x86 = Release|x86
	EndGlobalSection
	GlobalSection(ProjectConfigurationPlatforms) = postSolution
		{DAA3F2FD-3EB3-475D-927E-D5724A191345}.Debug|Any CPU.ActiveCfg = Debug|Any CPU
		{DAA3F2FD-3EB3-475D-927E-D5724A191345}.Debug|Any CPU.Build.0 = Debug|Any CPU
		{DAA3F2FD-3EB3-475D-927E-D5724A191345}.Debug|arm64.ActiveCfg = Debug|Any CPU
		{DAA3F2FD-3EB3-475D-927E-D5724A191345}.Debug|arm64.Build.0 = Debug|Any CPU
		{DAA3F2FD-3EB3-475D-927E-D5724A191345}.Debug|x64.ActiveCfg = Debug|Any CPU
		{DAA3F2FD-3EB3-475D-927E-D5724A191345}.Debug|x64.Build.0 = Debug|Any CPU
		{DAA3F2FD-3EB3-475D-927E-D5724A191345}.Debug|x86.ActiveCfg = Debug|Any CPU
		{DAA3F2FD-3EB3-475D-927E-D5724A191345}.Debug|x86.Build.0 = Debug|Any CPU
		{DAA3F2FD-3EB3-475D-927E-D5724A191345}.Release|Any CPU.ActiveCfg = Release|Any CPU
		{DAA3F2FD-3EB3-475D-927E-D5724A191345}.Release|Any CPU.Build.0 = Release|Any CPU
		{DAA3F2FD-3EB3-475D-927E-D5724A191345}.Release|arm64.ActiveCfg = Release|Any CPU
		{DAA3F2FD-3EB3-475D-927E-D5724A191345}.Release|arm64.Build.0 = Release|Any CPU
		{DAA3F2FD-3EB3-475D-927E-D5724A191345}.Release|x64.ActiveCfg = Release|Any CPU
		{DAA3F2FD-3EB3-475D-927E-D5724A191345}.Release|x64.Build.0 = Release|Any CPU
		{DAA3F2FD-3EB3-475D-927E-D5724A191345}.Release|x86.ActiveCfg = Release|Any CPU
		{DAA3F2FD-3EB3-475D-927E-D5724A191345}.Release|x86.Build.0 = Release|Any CPU
		{8A824CEA-511B-4E9C-B88E-61D07D9F540E}.Debug|Any CPU.ActiveCfg = Debug|Any CPU
		{8A824CEA-511B-4E9C-B88E-61D07D9F540E}.Debug|Any CPU.Build.0 = Debug|Any CPU
		{8A824CEA-511B-4E9C-B88E-61D07D9F540E}.Debug|arm64.ActiveCfg = Debug|Any CPU
		{8A824CEA-511B-4E9C-B88E-61D07D9F540E}.Debug|arm64.Build.0 = Debug|Any CPU
		{8A824CEA-511B-4E9C-B88E-61D07D9F540E}.Debug|x64.ActiveCfg = Debug|Any CPU
		{8A824CEA-511B-4E9C-B88E-61D07D9F540E}.Debug|x64.Build.0 = Debug|Any CPU
		{8A824CEA-511B-4E9C-B88E-61D07D9F540E}.Debug|x86.ActiveCfg = Debug|Any CPU
		{8A824CEA-511B-4E9C-B88E-61D07D9F540E}.Debug|x86.Build.0 = Debug|Any CPU
		{8A824CEA-511B-4E9C-B88E-61D07D9F540E}.Release|Any CPU.ActiveCfg = Release|Any CPU
		{8A824CEA-511B-4E9C-B88E-61D07D9F540E}.Release|Any CPU.Build.0 = Release|Any CPU
		{8A824CEA-511B-4E9C-B88E-61D07D9F540E}.Release|arm64.ActiveCfg = Release|Any CPU
		{8A824CEA-511B-4E9C-B88E-61D07D9F540E}.Release|arm64.Build.0 = Release|Any CPU
		{8A824CEA-511B-4E9C-B88E-61D07D9F540E}.Release|x64.ActiveCfg = Release|Any CPU
		{8A824CEA-511B-4E9C-B88E-61D07D9F540E}.Release|x64.Build.0 = Release|Any CPU
		{8A824CEA-511B-4E9C-B88E-61D07D9F540E}.Release|x86.ActiveCfg = Release|Any CPU
		{8A824CEA-511B-4E9C-B88E-61D07D9F540E}.Release|x86.Build.0 = Release|Any CPU
		{FE377803-4C49-41D2-ADBB-8FBDB0043A4B}.Debug|Any CPU.ActiveCfg = Debug|Any CPU
		{FE377803-4C49-41D2-ADBB-8FBDB0043A4B}.Debug|Any CPU.Build.0 = Debug|Any CPU
		{FE377803-4C49-41D2-ADBB-8FBDB0043A4B}.Debug|arm64.ActiveCfg = Debug|Any CPU
		{FE377803-4C49-41D2-ADBB-8FBDB0043A4B}.Debug|arm64.Build.0 = Debug|Any CPU
		{FE377803-4C49-41D2-ADBB-8FBDB0043A4B}.Debug|x64.ActiveCfg = Debug|Any CPU
		{FE377803-4C49-41D2-ADBB-8FBDB0043A4B}.Debug|x64.Build.0 = Debug|Any CPU
		{FE377803-4C49-41D2-ADBB-8FBDB0043A4B}.Debug|x86.ActiveCfg = Debug|Any CPU
		{FE377803-4C49-41D2-ADBB-8FBDB0043A4B}.Debug|x86.Build.0 = Debug|Any CPU
		{FE377803-4C49-41D2-ADBB-8FBDB0043A4B}.Release|Any CPU.ActiveCfg = Release|Any CPU
		{FE377803-4C49-41D2-ADBB-8FBDB0043A4B}.Release|Any CPU.Build.0 = Release|Any CPU
		{FE377803-4C49-41D2-ADBB-8FBDB0043A4B}.Release|arm64.ActiveCfg = Release|Any CPU
		{FE377803-4C49-41D2-ADBB-8FBDB0043A4B}.Release|arm64.Build.0 = Release|Any CPU
		{FE377803-4C49-41D2-ADBB-8FBDB0043A4B}.Release|x64.ActiveCfg = Release|Any CPU
		{FE377803-4C49-41D2-ADBB-8FBDB0043A4B}.Release|x64.Build.0 = Release|Any CPU
		{FE377803-4C49-41D2-ADBB-8FBDB0043A4B}.Release|x86.ActiveCfg = Release|Any CPU
		{FE377803-4C49-41D2-ADBB-8FBDB0043A4B}.Release|x86.Build.0 = Release|Any CPU
		{D5C6AC0B-781F-46AF-B2C3-DDAC5413B607}.Debug|Any CPU.ActiveCfg = Debug|Any CPU
		{D5C6AC0B-781F-46AF-B2C3-DDAC5413B607}.Debug|Any CPU.Build.0 = Debug|Any CPU
		{D5C6AC0B-781F-46AF-B2C3-DDAC5413B607}.Debug|arm64.ActiveCfg = Debug|Any CPU
		{D5C6AC0B-781F-46AF-B2C3-DDAC5413B607}.Debug|arm64.Build.0 = Debug|Any CPU
		{D5C6AC0B-781F-46AF-B2C3-DDAC5413B607}.Debug|x64.ActiveCfg = Debug|Any CPU
		{D5C6AC0B-781F-46AF-B2C3-DDAC5413B607}.Debug|x64.Build.0 = Debug|Any CPU
		{D5C6AC0B-781F-46AF-B2C3-DDAC5413B607}.Debug|x86.ActiveCfg = Debug|Any CPU
		{D5C6AC0B-781F-46AF-B2C3-DDAC5413B607}.Debug|x86.Build.0 = Debug|Any CPU
		{D5C6AC0B-781F-46AF-B2C3-DDAC5413B607}.Release|Any CPU.ActiveCfg = Release|Any CPU
		{D5C6AC0B-781F-46AF-B2C3-DDAC5413B607}.Release|Any CPU.Build.0 = Release|Any CPU
		{D5C6AC0B-781F-46AF-B2C3-DDAC5413B607}.Release|arm64.ActiveCfg = Release|Any CPU
		{D5C6AC0B-781F-46AF-B2C3-DDAC5413B607}.Release|arm64.Build.0 = Release|Any CPU
		{D5C6AC0B-781F-46AF-B2C3-DDAC5413B607}.Release|x64.ActiveCfg = Release|Any CPU
		{D5C6AC0B-781F-46AF-B2C3-DDAC5413B607}.Release|x64.Build.0 = Release|Any CPU
		{D5C6AC0B-781F-46AF-B2C3-DDAC5413B607}.Release|x86.ActiveCfg = Release|Any CPU
		{D5C6AC0B-781F-46AF-B2C3-DDAC5413B607}.Release|x86.Build.0 = Release|Any CPU
	EndGlobalSection
	GlobalSection(SolutionProperties) = preSolution
		HideSolutionNode = FALSE
	EndGlobalSection
	GlobalSection(NestedProjects) = preSolution
		{DAA3F2FD-3EB3-475D-927E-D5724A191345} = {29822A21-A00F-474D-B872-7892160BC80F}
		{8A824CEA-511B-4E9C-B88E-61D07D9F540E} = {29822A21-A00F-474D-B872-7892160BC80F}
		{FE377803-4C49-41D2-ADBB-8FBDB0043A4B} = {29822A21-A00F-474D-B872-7892160BC80F}
		{D3FB3F64-E69B-41E5-B78E-384BC3EBC747} = {3E722777-5EB4-414C-8342-0A4FC0CD8BD8}
		{D5C6AC0B-781F-46AF-B2C3-DDAC5413B607} = {3E722777-5EB4-414C-8342-0A4FC0CD8BD8}
	EndGlobalSection
	GlobalSection(ExtensibilityGlobals) = postSolution
		SolutionGuid = {1B0944B5-683A-4E6D-9A22-D52ED42DABED}
	EndGlobalSection
	GlobalSection(SharedMSBuildProjectFiles) = preSolution
		UnoBlazorApp1\UnoBlazorApp1.Shared\UnoBlazorApp1.Shared.projitems*{d3fb3f64-e69b-41e5-b78e-384bc3ebc747}*SharedItemsImports = 13
		UnoBlazorApp1\UnoBlazorApp1.Shared\UnoBlazorApp1.Shared.projitems*{d5c6ac0b-781f-46af-b2c3-ddac5413b607}*SharedItemsImports = 5
	EndGlobalSection
EndGlobal
